{
  "lockfileVersion": 1,
  "workspaces": {
    "": {
      "name": "worker",
      "dependencies": {
        "jose": "^6.1.0",
      },
    },
  },
  "packages": {
    "jose": ["jose@6.1.0", "", {}, "sha512-TTQJyoEoKcC1lscpVDCSsVgYzUDg/0Bt3WE//WiTPK6uOCQC2KZS4MpugbMWt/zyjkopgZoXhZuCi00gLudfUA=="],
  }
}
